<Solution>
  <Project Path="DroneLab.Physics.EditModeTests.csproj" />
  <Project Path="DroneLab.Simulation.csproj" />
  <Project Path="Assembly-CSharp.csproj" />
  <Project Path="DroneLab.Physics.PlayModeTests.csproj" />
  <Project Path="DroneLab.Editor.csproj" />
  <Project Path="DroneLab.Physics.csproj" />
</Solution>
